// !$*UTF8*$!
{
	archiveVersion = 1;
	classes = {
	};
	objectVersion = 56;
	objects = {

/* Begin PBXBuildFile section */
		C019DA9A28D6F1060033B2D8 /* lotteryApp.swift in Sources */ = {isa = PBXBuildFile; fileRef = C019DA9928D6F1060033B2D8 /* lotteryApp.swift */; };
		C019DA9E28D6F1070033B2D8 /* Assets.xcassets in Resources */ = {isa = PBXBuildFile; fileRef = C019DA9D28D6F1070033B2D8 /* Assets.xcassets */; };
		C019DAA128D6F1070033B2D8 /* Preview Assets.xcassets in Resources */ = {isa = PBXBuildFile; fileRef = C019DAA028D6F1070033B2D8 /* Preview Assets.xcassets */; };
		C019DAAB28D6F20F0033B2D8 /* Loto.swift in Sources */ = {isa = PBXBuildFile; fileRef = C019DAAA28D6F20F0033B2D8 /* Loto.swift */; };
		C019DAB028D6F9D80033B2D8 /* RootTabView.swift in Sources */ = {isa = PBXBuildFile; fileRef = C019DAAF28D6F9D80033B2D8 /* RootTabView.swift */; };
		C019DAB328D6FA710033B2D8 /* HomeView.swift in Sources */ = {isa = PBXBuildFile; fileRef = C019DAB228D6FA710033B2D8 /* HomeView.swift */; };
		C019DAB528D6FA7E0033B2D8 /* AboutView.swift in Sources */ = {isa = PBXBuildFile; fileRef = C019DAB428D6FA7E0033B2D8 /* AboutView.swift */; };
		C019DAB728D6FF910033B2D8 /* Loto7View.swift in Sources */ = {isa = PBXBuildFile; fileRef = C019DAB628D6FF910033B2D8 /* Loto7View.swift */; };
		C019DAB928D6FFB20033B2D8 /* Loto6View.swift in Sources */ = {isa = PBXBuildFile; fileRef = C019DAB828D6FFB20033B2D8 /* Loto6View.swift */; };
		C019DABF28D70F330033B2D8 /* FetchDataService.swift in Sources */ = {isa = PBXBuildFile; fileRef = C019DABE28D70F330033B2D8 /* FetchDataService.swift */; };
		C019DAC228D714050033B2D8 /* APIClient.swift in Sources */ = {isa = PBXBuildFile; fileRef = C019DAC128D714050033B2D8 /* APIClient.swift */; };
		C019DAC428D714270033B2D8 /* APIError.swift in Sources */ = {isa = PBXBuildFile; fileRef = C019DAC328D714270033B2D8 /* APIError.swift */; };
		C019DAC728D718530033B2D8 /* ResultView.swift in Sources */ = {isa = PBXBuildFile; fileRef = C019DAC628D718530033B2D8 /* ResultView.swift */; };
		C019DACB28D719A10033B2D8 /* LotteryTypeSegmentedPicker.swift in Sources */ = {isa = PBXBuildFile; fileRef = C019DACA28D719A10033B2D8 /* LotteryTypeSegmentedPicker.swift */; };
		C019DACD28D719C10033B2D8 /* LotteryType.swift in Sources */ = {isa = PBXBuildFile; fileRef = C019DACC28D719C10033B2D8 /* LotteryType.swift */; };
		C019DACF28D71BD30033B2D8 /* Loto7ResultView.swift in Sources */ = {isa = PBXBuildFile; fileRef = C019DACE28D71BD30033B2D8 /* Loto7ResultView.swift */; };
		C0D81C1828DDD1DD00A5C28A /* LotoStore.swift in Sources */ = {isa = PBXBuildFile; fileRef = C0D81C1728DDD1DD00A5C28A /* LotoStore.swift */; };
		C0D81C1A28DDDDAE00A5C28A /* LotoResultRowView.swift in Sources */ = {isa = PBXBuildFile; fileRef = C0D81C1928DDDDAE00A5C28A /* LotoResultRowView.swift */; };
		C0D81C1F28DDE1FD00A5C28A /* NumberImage.swift in Sources */ = {isa = PBXBuildFile; fileRef = C0D81C1E28DDE1FD00A5C28A /* NumberImage.swift */; };
		C0D81C2228DDE38F00A5C28A /* AppColor.swift in Sources */ = {isa = PBXBuildFile; fileRef = C0D81C2128DDE38F00A5C28A /* AppColor.swift */; };
		C0D81C2428DDE4C000A5C28A /* Date+Extension.swift in Sources */ = {isa = PBXBuildFile; fileRef = C0D81C2328DDE4C000A5C28A /* Date+Extension.swift */; };
/* End PBXBuildFile section */

/* Begin PBXFileReference section */
		C019DA9628D6F1060033B2D8 /* lottery.app */ = {isa = PBXFileReference; explicitFileType = wrapper.application; includeInIndex = 0; path = lottery.app; sourceTree = BUILT_PRODUCTS_DIR; };
		C019DA9928D6F1060033B2D8 /* lotteryApp.swift */ = {isa = PBXFileReference; lastKnownFileType = sourcecode.swift; path = lotteryApp.swift; sourceTree = "<group>"; };
		C019DA9D28D6F1070033B2D8 /* Assets.xcassets */ = {isa = PBXFileReference; lastKnownFileType = folder.assetcatalog; path = Assets.xcassets; sourceTree = "<group>"; };
		C019DAA028D6F1070033B2D8 /* Preview Assets.xcassets */ = {isa = PBXFileReference; lastKnownFileType = folder.assetcatalog; path = "Preview Assets.xcassets"; sourceTree = "<group>"; };
		C019DAAA28D6F20F0033B2D8 /* Loto.swift */ = {isa = PBXFileReference; lastKnownFileType = sourcecode.swift; path = Loto.swift; sourceTree = "<group>"; };
		C019DAAF28D6F9D80033B2D8 /* RootTabView.swift */ = {isa = PBXFileReference; lastKnownFileType = sourcecode.swift; path = RootTabView.swift; sourceTree = "<group>"; };
		C019DAB228D6FA710033B2D8 /* HomeView.swift */ = {isa = PBXFileReference; lastKnownFileType = sourcecode.swift; path = HomeView.swift; sourceTree = "<group>"; };
		C019DAB428D6FA7E0033B2D8 /* AboutView.swift */ = {isa = PBXFileReference; lastKnownFileType = sourcecode.swift; path = AboutView.swift; sourceTree = "<group>"; };
		C019DAB628D6FF910033B2D8 /* Loto7View.swift */ = {isa = PBXFileReference; lastKnownFileType = sourcecode.swift; path = Loto7View.swift; sourceTree = "<group>"; };
		C019DAB828D6FFB20033B2D8 /* Loto6View.swift */ = {isa = PBXFileReference; lastKnownFileType = sourcecode.swift; path = Loto6View.swift; sourceTree = "<group>"; };
		C019DABE28D70F330033B2D8 /* FetchDataService.swift */ = {isa = PBXFileReference; lastKnownFileType = sourcecode.swift; path = FetchDataService.swift; sourceTree = "<group>"; };
		C019DAC128D714050033B2D8 /* APIClient.swift */ = {isa = PBXFileReference; lastKnownFileType = sourcecode.swift; path = APIClient.swift; sourceTree = "<group>"; };
		C019DAC328D714270033B2D8 /* APIError.swift */ = {isa = PBXFileReference; lastKnownFileType = sourcecode.swift; path = APIError.swift; sourceTree = "<group>"; };
		C019DAC628D718530033B2D8 /* ResultView.swift */ = {isa = PBXFileReference; lastKnownFileType = sourcecode.swift; path = ResultView.swift; sourceTree = "<group>"; };
		C019DACA28D719A10033B2D8 /* LotteryTypeSegmentedPicker.swift */ = {isa = PBXFileReference; lastKnownFileType = sourcecode.swift; path = LotteryTypeSegmentedPicker.swift; sourceTree = "<group>"; };
		C019DACC28D719C10033B2D8 /* LotteryType.swift */ = {isa = PBXFileReference; lastKnownFileType = sourcecode.swift; path = LotteryType.swift; sourceTree = "<group>"; };
		C019DACE28D71BD30033B2D8 /* Loto7ResultView.swift */ = {isa = PBXFileReference; lastKnownFileType = sourcecode.swift; path = Loto7ResultView.swift; sourceTree = "<group>"; };
		C0D81C1728DDD1DD00A5C28A /* LotoStore.swift */ = {isa = PBXFileReference; lastKnownFileType = sourcecode.swift; path = LotoStore.swift; sourceTree = "<group>"; };
		C0D81C1928DDDDAE00A5C28A /* LotoResultRowView.swift */ = {isa = PBXFileReference; lastKnownFileType = sourcecode.swift; path = LotoResultRowView.swift; sourceTree = "<group>"; };
		C0D81C1E28DDE1FD00A5C28A /* NumberImage.swift */ = {isa = PBXFileReference; lastKnownFileType = sourcecode.swift; path = NumberImage.swift; sourceTree = "<group>"; };
		C0D81C2128DDE38F00A5C28A /* AppColor.swift */ = {isa = PBXFileReference; lastKnownFileType = sourcecode.swift; path = AppColor.swift; sourceTree = "<group>"; };
		C0D81C2328DDE4C000A5C28A /* Date+Extension.swift */ = {isa = PBXFileReference; lastKnownFileType = sourcecode.swift; path = "Date+Extension.swift"; sourceTree = "<group>"; };
/* End PBXFileReference section */

/* Begin PBXFrameworksBuildPhase section */
		C019DA9328D6F1060033B2D8 /* Frameworks */ = {
			isa = PBXFrameworksBuildPhase;
			buildActionMask = 2147483647;
			files = (
			);
			runOnlyForDeploymentPostprocessing = 0;
		};
/* End PBXFrameworksBuildPhase section */

/* Begin PBXGroup section */
		C019DA8D28D6F1060033B2D8 = {
			isa = PBXGroup;
			children = (
				C019DA9828D6F1060033B2D8 /* lottery */,
				C019DA9728D6F1060033B2D8 /* Products */,
			);
			sourceTree = "<group>";
		};
		C019DA9728D6F1060033B2D8 /* Products */ = {
			isa = PBXGroup;
			children = (
				C019DA9628D6F1060033B2D8 /* lottery.app */,
			);
			name = Products;
			sourceTree = "<group>";
		};
		C019DA9828D6F1060033B2D8 /* lottery */ = {
			isa = PBXGroup;
			children = (
				C0D81C2028DDE38000A5C28A /* Util */,
				C019DAC928D7196C0033B2D8 /* View */,
				C019DAC028D713F30033B2D8 /* Network */,
				C019DABD28D70F0D0033B2D8 /* Service */,
				C019DAB128D6F9DF0033B2D8 /* Feature */,
				C019DAA728D6F1460033B2D8 /* Model */,
				C019DA9928D6F1060033B2D8 /* lotteryApp.swift */,
				C019DA9D28D6F1070033B2D8 /* Assets.xcassets */,
				C019DA9F28D6F1070033B2D8 /* Preview Content */,
			);
			path = lottery;
			sourceTree = "<group>";
		};
		C019DA9F28D6F1070033B2D8 /* Preview Content */ = {
			isa = PBXGroup;
			children = (
				C019DAA028D6F1070033B2D8 /* Preview Assets.xcassets */,
			);
			path = "Preview Content";
			sourceTree = "<group>";
		};
		C019DAA728D6F1460033B2D8 /* Model */ = {
			isa = PBXGroup;
			children = (
				C019DAAA28D6F20F0033B2D8 /* Loto.swift */,
				C019DACC28D719C10033B2D8 /* LotteryType.swift */,
				C0D81C1728DDD1DD00A5C28A /* LotoStore.swift */,
			);
			path = Model;
			sourceTree = "<group>";
		};
		C019DAB128D6F9DF0033B2D8 /* Feature */ = {
			isa = PBXGroup;
			children = (
				C019DAC828D718650033B2D8 /* About */,
				C019DAC528D7183C0033B2D8 /* Result */,
				C019DABA28D70A5C0033B2D8 /* Home */,
				C019DAAF28D6F9D80033B2D8 /* RootTabView.swift */,
			);
			path = Feature;
			sourceTree = "<group>";
		};
		C019DABA28D70A5C0033B2D8 /* Home */ = {
			isa = PBXGroup;
			children = (
				C019DAB628D6FF910033B2D8 /* Loto7View.swift */,
				C019DAB828D6FFB20033B2D8 /* Loto6View.swift */,
				C019DAB228D6FA710033B2D8 /* HomeView.swift */,
			);
			path = Home;
			sourceTree = "<group>";
		};
		C019DABD28D70F0D0033B2D8 /* Service */ = {
			isa = PBXGroup;
			children = (
				C019DABE28D70F330033B2D8 /* FetchDataService.swift */,
			);
			path = Service;
			sourceTree = "<group>";
		};
		C019DAC028D713F30033B2D8 /* Network */ = {
			isa = PBXGroup;
			children = (
				C019DAC128D714050033B2D8 /* APIClient.swift */,
				C019DAC328D714270033B2D8 /* APIError.swift */,
			);
			path = Network;
			sourceTree = "<group>";
		};
		C019DAC528D7183C0033B2D8 /* Result */ = {
			isa = PBXGroup;
			children = (
				C019DAC628D718530033B2D8 /* ResultView.swift */,
				C019DACE28D71BD30033B2D8 /* Loto7ResultView.swift */,
				C0D81C1928DDDDAE00A5C28A /* LotoResultRowView.swift */,
			);
			path = Result;
			sourceTree = "<group>";
		};
		C019DAC828D718650033B2D8 /* About */ = {
			isa = PBXGroup;
			children = (
				C019DAB428D6FA7E0033B2D8 /* AboutView.swift */,
			);
			path = About;
			sourceTree = "<group>";
		};
		C019DAC928D7196C0033B2D8 /* View */ = {
			isa = PBXGroup;
			children = (
				C0D81C1E28DDE1FD00A5C28A /* NumberImage.swift */,
				C019DACA28D719A10033B2D8 /* LotteryTypeSegmentedPicker.swift */,
			);
			path = View;
			sourceTree = "<group>";
		};
		C0D81C2028DDE38000A5C28A /* Util */ = {
			isa = PBXGroup;
			children = (
				C0D81C2128DDE38F00A5C28A /* AppColor.swift */,
				C0D81C2328DDE4C000A5C28A /* Date+Extension.swift */,
			);
			path = Util;
			sourceTree = "<group>";
		};
/* End PBXGroup section */

/* Begin PBXNativeTarget section */
		C019DA9528D6F1060033B2D8 /* lottery */ = {
			isa = PBXNativeTarget;
			buildConfigurationList = C019DAA428D6F1070033B2D8 /* Build configuration list for PBXNativeTarget "lottery" */;
			buildPhases = (
				C019DA9228D6F1060033B2D8 /* Sources */,
				C019DA9328D6F1060033B2D8 /* Frameworks */,
				C019DA9428D6F1060033B2D8 /* Resources */,
			);
			buildRules = (
			);
			dependencies = (
			);
			name = lottery;
			productName = lottery;
			productReference = C019DA9628D6F1060033B2D8 /* lottery.app */;
			productType = "com.apple.product-type.application";
		};
/* End PBXNativeTarget section */

/* Begin PBXProject section */
		C019DA8E28D6F1060033B2D8 /* Project object */ = {
			isa = PBXProject;
			attributes = {
				BuildIndependentTargetsInParallel = 1;
				LastSwiftUpdateCheck = 1400;
				LastUpgradeCheck = 1400;
				TargetAttributes = {
					C019DA9528D6F1060033B2D8 = {
						CreatedOnToolsVersion = 14.0;
					};
				};
			};
			buildConfigurationList = C019DA9128D6F1060033B2D8 /* Build configuration list for PBXProject "lottery" */;
			compatibilityVersion = "Xcode 14.0";
			developmentRegion = en;
			hasScannedForEncodings = 0;
			knownRegions = (
				en,
				Base,
			);
			mainGroup = C019DA8D28D6F1060033B2D8;
			productRefGroup = C019DA9728D6F1060033B2D8 /* Products */;
			projectDirPath = "";
			projectRoot = "";
			targets = (
				C019DA9528D6F1060033B2D8 /* lottery */,
			);
		};
/* End PBXProject section */

/* Begin PBXResourcesBuildPhase section */
		C019DA9428D6F1060033B2D8 /* Resources */ = {
			isa = PBXResourcesBuildPhase;
			buildActionMask = 2147483647;
			files = (
				C019DAA128D6F1070033B2D8 /* Preview Assets.xcassets in Resources */,
				C019DA9E28D6F1070033B2D8 /* Assets.xcassets in Resources */,
			);
			runOnlyForDeploymentPostprocessing = 0;
		};
/* End PBXResourcesBuildPhase section */

/* Begin PBXSourcesBuildPhase section */
		C019DA9228D6F1060033B2D8 /* Sources */ = {
			isa = PBXSourcesBuildPhase;
			buildActionMask = 2147483647;
			files = (
				C0D81C1A28DDDDAE00A5C28A /* LotoResultRowView.swift in Sources */,
				C019DACB28D719A10033B2D8 /* LotteryTypeSegmentedPicker.swift in Sources */,
				C019DAB028D6F9D80033B2D8 /* RootTabView.swift in Sources */,
				C0D81C2428DDE4C000A5C28A /* Date+Extension.swift in Sources */,
				C0D81C1F28DDE1FD00A5C28A /* NumberImage.swift in Sources */,
				C019DABF28D70F330033B2D8 /* FetchDataService.swift in Sources */,
				C019DAB328D6FA710033B2D8 /* HomeView.swift in Sources */,
				C019DAC228D714050033B2D8 /* APIClient.swift in Sources */,
				C019DAAB28D6F20F0033B2D8 /* Loto.swift in Sources */,
				C019DAC728D718530033B2D8 /* ResultView.swift in Sources */,
				C019DAB928D6FFB20033B2D8 /* Loto6View.swift in Sources */,
				C019DA9A28D6F1060033B2D8 /* lotteryApp.swift in Sources */,
				C019DAB728D6FF910033B2D8 /* Loto7View.swift in Sources */,
				C019DAB528D6FA7E0033B2D8 /* AboutView.swift in Sources */,
				C019DACD28D719C10033B2D8 /* LotteryType.swift in Sources */,
				C019DAC428D714270033B2D8 /* APIError.swift in Sources */,
				C0D81C1828DDD1DD00A5C28A /* LotoStore.swift in Sources */,
				C019DACF28D71BD30033B2D8 /* Loto7ResultView.swift in Sources */,
				C0D81C2228DDE38F00A5C28A /* AppColor.swift in Sources */,
			);
			runOnlyForDeploymentPostprocessing = 0;
		};
/* End PBXSourcesBuildPhase section */

/* Begin XCBuildConfiguration section */
		C019DAA228D6F1070033B2D8 /* Debug */ = {
			isa = XCBuildConfiguration;
			buildSettings = {
				ALWAYS_SEARCH_USER_PATHS = NO;
				CLANG_ANALYZER_NONNULL = YES;
				CLANG_ANALYZER_NUMBER_OBJECT_CONVERSION = YES_AGGRESSIVE;
				CLANG_CXX_LANGUAGE_STANDARD = "gnu++17";
				CLANG_ENABLE_MODULES = YES;
				CLANG_ENABLE_OBJC_ARC = YES;
				CLANG_ENABLE_OBJC_WEAK = YES;
				CLANG_WARN_BLOCK_CAPTURE_AUTORELEASING = YES;
				CLANG_WARN_BOOL_CONVERSION = YES;
				CLANG_WARN_COMMA = YES;
				CLANG_WARN_CONSTANT_CONVERSION = YES;
				CLANG_WARN_DEPRECATED_OBJC_IMPLEMENTATIONS = YES;
				CLANG_WARN_DIRECT_OBJC_ISA_USAGE = YES_ERROR;
				CLANG_WARN_DOCUMENTATION_COMMENTS = YES;
				CLANG_WARN_EMPTY_BODY = YES;
				CLANG_WARN_ENUM_CONVERSION = YES;
				CLANG_WARN_INFINITE_RECURSION = YES;
				CLANG_WARN_INT_CONVERSION = YES;
				CLANG_WARN_NON_LITERAL_NULL_CONVERSION = YES;
				CLANG_WARN_OBJC_IMPLICIT_RETAIN_SELF = YES;
				CLANG_WARN_OBJC_LITERAL_CONVERSION = YES;
				CLANG_WARN_OBJC_ROOT_CLASS = YES_ERROR;
				CLANG_WARN_QUOTED_INCLUDE_IN_FRAMEWORK_HEADER = YES;
				CLANG_WARN_RANGE_LOOP_ANALYSIS = YES;
				CLANG_WARN_STRICT_PROTOTYPES = YES;
				CLANG_WARN_SUSPICIOUS_MOVE = YES;
				CLANG_WARN_UNGUARDED_AVAILABILITY = YES_AGGRESSIVE;
				CLANG_WARN_UNREACHABLE_CODE = YES;
				CLANG_WARN__DUPLICATE_METHOD_MATCH = YES;
				COPY_PHASE_STRIP = NO;
				DEBUG_INFORMATION_FORMAT = dwarf;
				ENABLE_STRICT_OBJC_MSGSEND = YES;
				ENABLE_TESTABILITY = YES;
				GCC_C_LANGUAGE_STANDARD = gnu11;
				GCC_DYNAMIC_NO_PIC = NO;
				GCC_NO_COMMON_BLOCKS = YES;
				GCC_OPTIMIZATION_LEVEL = 0;
				GCC_PREPROCESSOR_DEFINITIONS = (
					"DEBUG=1",
					"$(inherited)",
				);
				GCC_WARN_64_TO_32_BIT_CONVERSION = YES;
				GCC_WARN_ABOUT_RETURN_TYPE = YES_ERROR;
				GCC_WARN_UNDECLARED_SELECTOR = YES;
				GCC_WARN_UNINITIALIZED_AUTOS = YES_AGGRESSIVE;
				GCC_WARN_UNUSED_FUNCTION = YES;
				GCC_WARN_UNUSED_VARIABLE = YES;
				IPHONEOS_DEPLOYMENT_TARGET = 16.0;
				MTL_ENABLE_DEBUG_INFO = INCLUDE_SOURCE;
				MTL_FAST_MATH = YES;
				ONLY_ACTIVE_ARCH = YES;
				SDKROOT = iphoneos;
				SWIFT_ACTIVE_COMPILATION_CONDITIONS = DEBUG;
				SWIFT_OPTIMIZATION_LEVEL = "-Onone";
			};
			name = Debug;
		};
		C019DAA328D6F1070033B2D8 /* Release */ = {
			isa = XCBuildConfiguration;
			buildSettings = {
				ALWAYS_SEARCH_USER_PATHS = NO;
				CLANG_ANALYZER_NONNULL = YES;
				CLANG_ANALYZER_NUMBER_OBJECT_CONVERSION = YES_AGGRESSIVE;
				CLANG_CXX_LANGUAGE_STANDARD = "gnu++17";
				CLANG_ENABLE_MODULES = YES;
				CLANG_ENABLE_OBJC_ARC = YES;
				CLANG_ENABLE_OBJC_WEAK = YES;
				CLANG_WARN_BLOCK_CAPTURE_AUTORELEASING = YES;
				CLANG_WARN_BOOL_CONVERSION = YES;
				CLANG_WARN_COMMA = YES;
				CLANG_WARN_CONSTANT_CONVERSION = YES;
				CLANG_WARN_DEPRECATED_OBJC_IMPLEMENTATIONS = YES;
				CLANG_WARN_DIRECT_OBJC_ISA_USAGE = YES_ERROR;
				CLANG_WARN_DOCUMENTATION_COMMENTS = YES;
				CLANG_WARN_EMPTY_BODY = YES;
				CLANG_WARN_ENUM_CONVERSION = YES;
				CLANG_WARN_INFINITE_RECURSION = YES;
				CLANG_WARN_INT_CONVERSION = YES;
				CLANG_WARN_NON_LITERAL_NULL_CONVERSION = YES;
				CLANG_WARN_OBJC_IMPLICIT_RETAIN_SELF = YES;
				CLANG_WARN_OBJC_LITERAL_CONVERSION = YES;
				CLANG_WARN_OBJC_ROOT_CLASS = YES_ERROR;
				CLANG_WARN_QUOTED_INCLUDE_IN_FRAMEWORK_HEADER = YES;
				CLANG_WARN_RANGE_LOOP_ANALYSIS = YES;
				CLANG_WARN_STRICT_PROTOTYPES = YES;
				CLANG_WARN_SUSPICIOUS_MOVE = YES;
				CLANG_WARN_UNGUARDED_AVAILABILITY = YES_AGGRESSIVE;
				CLANG_WARN_UNREACHABLE_CODE = YES;
				CLANG_WARN__DUPLICATE_METHOD_MATCH = YES;
				COPY_PHASE_STRIP = NO;
				DEBUG_INFORMATION_FORMAT = "dwarf-with-dsym";
				ENABLE_NS_ASSERTIONS = NO;
				ENABLE_STRICT_OBJC_MSGSEND = YES;
				GCC_C_LANGUAGE_STANDARD = gnu11;
				GCC_NO_COMMON_BLOCKS = YES;
				GCC_WARN_64_TO_32_BIT_CONVERSION = YES;
				GCC_WARN_ABOUT_RETURN_TYPE = YES_ERROR;
				GCC_WARN_UNDECLARED_SELECTOR = YES;
				GCC_WARN_UNINITIALIZED_AUTOS = YES_AGGRESSIVE;
				GCC_WARN_UNUSED_FUNCTION = YES;
				GCC_WARN_UNUSED_VARIABLE = YES;
				IPHONEOS_DEPLOYMENT_TARGET = 16.0;
				MTL_ENABLE_DEBUG_INFO = NO;
				MTL_FAST_MATH = YES;
				SDKROOT = iphoneos;
				SWIFT_COMPILATION_MODE = wholemodule;
				SWIFT_OPTIMIZATION_LEVEL = "-O";
				VALIDATE_PRODUCT = YES;
			};
			name = Release;
		};
		C019DAA528D6F1070033B2D8 /* Debug */ = {
			isa = XCBuildConfiguration;
			buildSettings = {
				ASSETCATALOG_COMPILER_APPICON_NAME = AppIcon;
				ASSETCATALOG_COMPILER_GLOBAL_ACCENT_COLOR_NAME = AccentColor;
				CODE_SIGN_STYLE = Automatic;
				CURRENT_PROJECT_VERSION = 1;
				DEVELOPMENT_ASSET_PATHS = "\"lottery/Preview Content\"";
				DEVELOPMENT_TEAM = GXAB643ZM7;
				ENABLE_PREVIEWS = YES;
				GENERATE_INFOPLIST_FILE = YES;
				INFOPLIST_KEY_UIApplicationSceneManifest_Generation = YES;
				INFOPLIST_KEY_UIApplicationSupportsIndirectInputEvents = YES;
				INFOPLIST_KEY_UILaunchScreen_Generation = YES;
				INFOPLIST_KEY_UISupportedInterfaceOrientations_iPhone = UIInterfaceOrientationPortrait;
				IPHONEOS_DEPLOYMENT_TARGET = 16.0;
				LD_RUNPATH_SEARCH_PATHS = (
					"$(inherited)",
					"@executable_path/Frameworks",
				);
				MARKETING_VERSION = 1.0;
				PRODUCT_BUNDLE_IDENTIFIER = com.your3i.lottery;
				PRODUCT_NAME = "$(TARGET_NAME)";
				SWIFT_EMIT_LOC_STRINGS = YES;
				SWIFT_VERSION = 5.0;
				TARGETED_DEVICE_FAMILY = "1,2";
			};
			name = Debug;
		};
		C019DAA628D6F1070033B2D8 /* Release */ = {
			isa = XCBuildConfiguration;
			buildSettings = {
				ASSETCATALOG_COMPILER_APPICON_NAME = AppIcon;
				ASSETCATALOG_COMPILER_GLOBAL_ACCENT_COLOR_NAME = AccentColor;
				CODE_SIGN_STYLE = Automatic;
				CURRENT_PROJECT_VERSION = 1;
				DEVELOPMENT_ASSET_PATHS = "\"lottery/Preview Content\"";
				DEVELOPMENT_TEAM = GXAB643ZM7;
				ENABLE_PREVIEWS = YES;
				GENERATE_INFOPLIST_FILE = YES;
				INFOPLIST_KEY_UIApplicationSceneManifest_Generation = YES;
				INFOPLIST_KEY_UIApplicationSupportsIndirectInputEvents = YES;
				INFOPLIST_KEY_UILaunchScreen_Generation = YES;
				INFOPLIST_KEY_UISupportedInterfaceOrientations_iPhone = UIInterfaceOrientationPortrait;
				IPHONEOS_DEPLOYMENT_TARGET = 16.0;
				LD_RUNPATH_SEARCH_PATHS = (
					"$(inherited)",
					"@executable_path/Frameworks",
				);
				MARKETING_VERSION = 1.0;
				PRODUCT_BUNDLE_IDENTIFIER = com.your3i.lottery;
				PRODUCT_NAME = "$(TARGET_NAME)";
				SWIFT_EMIT_LOC_STRINGS = YES;
				SWIFT_VERSION = 5.0;
				TARGETED_DEVICE_FAMILY = "1,2";
			};
			name = Release;
		};
/* End XCBuildConfiguration section */

/* Begin XCConfigurationList section */
		C019DA9128D6F1060033B2D8 /* Build configuration list for PBXProject "lottery" */ = {
			isa = XCConfigurationList;
			buildConfigurations = (
				C019DAA228D6F1070033B2D8 /* Debug */,
				C019DAA328D6F1070033B2D8 /* Release */,
			);
			defaultConfigurationIsVisible = 0;
			defaultConfigurationName = Release;
		};
		C019DAA428D6F1070033B2D8 /* Build configuration list for PBXNativeTarget "lottery" */ = {
			isa = XCConfigurationList;
			buildConfigurations = (
				C019DAA528D6F1070033B2D8 /* Debug */,
				C019DAA628D6F1070033B2D8 /* Release */,
			);
			defaultConfigurationIsVisible = 0;
			defaultConfigurationName = Release;
		};
/* End XCConfigurationList section */
	};
	rootObject = C019DA8E28D6F1060033B2D8 /* Project object */;
}
